<?xml version="1.0" encoding="utf-8"?>
<Project ToolsVersion="4.0" xmlns="http://schemas.microsoft.com/developer/msbuild/2003">
  <ItemGroup>
    <Filter Include="Source Files">
      <UniqueIdentifier>{4FC737F1-C7A5-4376-A066-2A32D752A2FF}</UniqueIdentifier>
      <Extensions>cpp;c;cc;cxx;def;odl;idl;hpj;bat;asm;asmx</Extensions>
    </Filter>
    <Filter Include="Header Files">
      <UniqueIdentifier>{93995380-89BD-4b04-88EB-625FBE52EBFB}</UniqueIdentifier>
      <Extensions>h;hh;hpp;hxx;hm;inl;inc;ipp;xsd</Extensions>
    </Filter>
    <Filter Include="Resource Files">
      <UniqueIdentifier>{67DA6AB6-F800-4c08-8B7A-83BB121AAD01}</UniqueIdentifier>
      <Extensions>rc;ico;cur;bmp;dlg;rc2;rct;bin;rgs;gif;jpg;jpeg;jpe;resx;tiff;tif;png;wav;mfcribbon-ms</Extensions>
    </Filter>
  </ItemGroup>
  <ItemGroup>
    <ClCompile Include="interop\c_interop.c">
      <Filter>Source Files</Filter>
    </ClCompile>
    <ClCompile Include="main.cpp">
      <Filter>Source Files</Filter>
    </ClCompile>
    <ClCompile Include="utf8_decoder\utf8_decoder.c">
      <Filter>Source Files</Filter>
    </ClCompile>
  </ItemGroup>
  <ItemGroup>
    <ClInclude Include="interop\c_interop.h">
      <Filter>Header Files</Filter>
    </ClInclude>
    <ClInclude Include="valstat_2\valstat_2.h">
      <Filter>Header Files</Filter>
    </ClInclude>
    <ClInclude Include="common.h">
      <Filter>Header Files</Filter>
    </ClInclude>
    <ClInclude Include="sampling\win\hresultexception.h">
      <Filter>Header Files</Filter>
    </ClInclude>
    <ClInclude Include="sampling\win\logfile.h">
      <Filter>Header Files</Filter>
    </ClInclude>
    <ClInclude Include="sampling\testing_dbj_vector.h">
      <Filter>Header Files</Filter>
    </ClInclude>
    <ClInclude Include="sampling\no_macros_valstat.h">
      <Filter>Header Files</Filter>
    </ClInclude>
    <ClInclude Include="interop\c_interop_test.h">
      <Filter>Header Files</Filter>
    </ClInclude>
    <ClInclude Include="valstat_2\valstat_2_samples.h">
      <Filter>Header Files</Filter>
    </ClInclude>
    <ClInclude Include="pprintpp\pprintpp_test.h">
      <Filter>Header Files</Filter>
    </ClInclude>
    <ClInclude Include="sampling\fmt.h">
      <Filter>Header Files</Filter>
    </ClInclude>
    <ClInclude Include="valstat_2\valstat_2_async.h">
      <Filter>Header Files</Filter>
    </ClInclude>
    <ClInclude Include="sampling\find_wovels.h">
      <Filter>Header Files</Filter>
    </ClInclude>
    <ClInclude Include="utf8_decoder\utf8_decoder.h">
      <Filter>Header Files</Filter>
    </ClInclude>
    <ClInclude Include="utf8_decoder\utf8_decoder_sampler.h">
      <Filter>Header Files</Filter>
    </ClInclude>
  </ItemGroup>
  <ItemGroup>
    <None Include="pprintpp\readme.md" />
  </ItemGroup>
</Project>