<?xml version="1.0" encoding="utf-8"?>
<Project ToolsVersion="4.0" xmlns="http://schemas.microsoft.com/developer/msbuild/2003">
  <ItemGroup>
    <Filter Include="Source Files">
      <UniqueIdentifier>{4FC737F1-C7A5-4376-A066-2A32D752A2FF}</UniqueIdentifier>
      <Extensions>cpp;c;cc;cxx;def;odl;idl;hpj;bat;asm;asmx</Extensions>
    </Filter>
    <Filter Include="Header Files">
      <UniqueIdentifier>{93995380-89BD-4b04-88EB-625FBE52EBFB}</UniqueIdentifier>
      <Extensions>h;hh;hpp;hxx;hm;inl;inc;ipp;xsd</Extensions>
    </Filter>
    <Filter Include="Resource Files">
      <UniqueIdentifier>{67DA6AB6-F800-4c08-8B7A-83BB121AAD01}</UniqueIdentifier>
      <Extensions>rc;ico;cur;bmp;dlg;rc2;rct;bin;rgs;gif;jpg;jpeg;jpe;resx;tiff;tif;png;wav;mfcribbon-ms</Extensions>
    </Filter>
  </ItemGroup>
  <ItemGroup>
    <ClCompile Include="main.cpp">
      <Filter>Source Files</Filter>
    </ClCompile>
    <ClCompile Include="valstat_research\interop\math_valstat.c">
      <Filter>Source Files</Filter>
    </ClCompile>
    <ClCompile Include="utf8\utf8_decoder.c">
      <Filter>Source Files</Filter>
    </ClCompile>
    <ClCompile Include="low_level\cpuid.cpp">
      <Filter>Source Files</Filter>
    </ClCompile>
    <ClCompile Include="low_level\alligned_allocation.cpp">
      <Filter>Source Files</Filter>
    </ClCompile>
    <ClCompile Include="utf8\cuchar_sampler.cpp">
      <Filter>Source Files</Filter>
    </ClCompile>
    <ClCompile Include="low_level\print_bits_and_bytes.cpp">
      <Filter>Source Files</Filter>
    </ClCompile>
    <ClCompile Include="low_level\memory_pool.cpp">
      <Filter>Source Files</Filter>
    </ClCompile>
    <ClCompile Include="low_level\test_nano_printf.cpp">
      <Filter>Source Files</Filter>
    </ClCompile>
    <ClCompile Include="low_level\low_level_testing.cpp">
      <Filter>Source Files</Filter>
    </ClCompile>
    <ClCompile Include="lambdatix\dbj_mx_capi.c">
      <Filter>Source Files</Filter>
    </ClCompile>
    <ClCompile Include="lambdatix\dbj_mx_capi_2.c">
      <Filter>Source Files</Filter>
    </ClCompile>
    <ClCompile Include="dbj--nanolib\win32\win32_error_msg_box_exit.c">
      <Filter>Source Files</Filter>
    </ClCompile>
    <ClCompile Include="win32\test_dbj_nano_win32.cpp">
      <Filter>Source Files</Filter>
    </ClCompile>
    <ClCompile Include="lambdatix\clang_atomics.c">
      <Filter>Source Files</Filter>
    </ClCompile>
    <ClCompile Include="lambdatix\mx_fundamental.c">
      <Filter>Source Files</Filter>
    </ClCompile>
    <ClCompile Include="lambdatix\mx_generic_macros.c">
      <Filter>Source Files</Filter>
    </ClCompile>
  </ItemGroup>
  <ItemGroup>
    <ClInclude Include="common.h">
      <Filter>Header Files</Filter>
    </ClInclude>
    <ClInclude Include="sampling\win\hresultexception.h">
      <Filter>Header Files</Filter>
    </ClInclude>
    <ClInclude Include="sampling\win\logfile.h">
      <Filter>Header Files</Filter>
    </ClInclude>
    <ClInclude Include="sampling\testing_dbj_vector.h">
      <Filter>Header Files</Filter>
    </ClInclude>
    <ClInclude Include="sampling\no_macros_valstat.h">
      <Filter>Header Files</Filter>
    </ClInclude>
    <ClInclude Include="pprintpp\pprintpp_test.h">
      <Filter>Header Files</Filter>
    </ClInclude>
    <ClInclude Include="sampling\fmt.h">
      <Filter>Header Files</Filter>
    </ClInclude>
    <ClInclude Include="sampling\find_wovels.h">
      <Filter>Header Files</Filter>
    </ClInclude>
    <ClInclude Include="valstat_research\valstat_dbj.h">
      <Filter>Header Files</Filter>
    </ClInclude>
    <ClInclude Include="valstat_research\valstat_dbj_async.h">
      <Filter>Header Files</Filter>
    </ClInclude>
    <ClInclude Include="valstat_research\valstat_dbj_samples.h">
      <Filter>Header Files</Filter>
    </ClInclude>
    <ClInclude Include="valstat_research\dbj_string_registry.h">
      <Filter>Header Files</Filter>
    </ClInclude>
    <ClInclude Include="valstat_research\interop\math_valstat.h">
      <Filter>Header Files</Filter>
    </ClInclude>
    <ClInclude Include="valstat_research\valstat_dbj_status.h">
      <Filter>Header Files</Filter>
    </ClInclude>
    <ClInclude Include="sampling\dbj_meta_converter.h">
      <Filter>Header Files</Filter>
    </ClInclude>
    <ClInclude Include="valstat_research\valstat_dbj_c_interop.h">
      <Filter>Header Files</Filter>
    </ClInclude>
    <ClInclude Include="jzon_sampling\tests.h">
      <Filter>Header Files</Filter>
    </ClInclude>
    <ClInclude Include="jzon_sampling\test-boxing.h">
      <Filter>Header Files</Filter>
    </ClInclude>
    <ClInclude Include="jzon_sampling\json-checker-fail.h">
      <Filter>Header Files</Filter>
    </ClInclude>
    <ClInclude Include="jzon_sampling\conformance-string.h">
      <Filter>Header Files</Filter>
    </ClInclude>
    <ClInclude Include="jzon_sampling\conformance-double.h">
      <Filter>Header Files</Filter>
    </ClInclude>
    <ClInclude Include="jzon_sampling\jzon_udl.h">
      <Filter>Header Files</Filter>
    </ClInclude>
    <ClInclude Include="valstat_research\valstat_dbj_own.h">
      <Filter>Header Files</Filter>
    </ClInclude>
    <ClInclude Include="valstat_research\valstat.h">
      <Filter>Header Files</Filter>
    </ClInclude>
    <ClInclude Include="valstat_research\polygon.h">
      <Filter>Header Files</Filter>
    </ClInclude>
    <ClInclude Include="valstat_research\fibo.h">
      <Filter>Header Files</Filter>
    </ClInclude>
    <ClInclude Include="lambdatix\lambda_mx_makers.h">
      <Filter>Header Files</Filter>
    </ClInclude>
    <ClInclude Include="sampling\cpp20.h">
      <Filter>Header Files</Filter>
    </ClInclude>
    <ClInclude Include="utf8\utf8_decoder.h">
      <Filter>Header Files</Filter>
    </ClInclude>
    <ClInclude Include="utf8\utf8_decoder_sampler.h">
      <Filter>Header Files</Filter>
    </ClInclude>
    <ClInclude Include="lambdatix\narf_again.h">
      <Filter>Header Files</Filter>
    </ClInclude>
    <ClInclude Include="utf8\utf8_common.h">
      <Filter>Header Files</Filter>
    </ClInclude>
    <ClInclude Include="utf8\utf8_kilim.h">
      <Filter>Header Files</Filter>
    </ClInclude>
    <ClInclude Include="sampling\any_opty.h">
      <Filter>Header Files</Filter>
    </ClInclude>
    <ClInclude Include="allocators\aligned_allocator.h">
      <Filter>Header Files</Filter>
    </ClInclude>
    <ClInclude Include="allocators\stack_allocator.h">
      <Filter>Header Files</Filter>
    </ClInclude>
    <ClInclude Include="sampling\keep_it_sorted.h">
      <Filter>Header Files</Filter>
    </ClInclude>
    <ClInclude Include="sampling\tuple_print.h">
      <Filter>Header Files</Filter>
    </ClInclude>
    <ClInclude Include="dbj--nanolib\nonstd\dbj_sequence_print.h">
      <Filter>Header Files</Filter>
    </ClInclude>
    <ClInclude Include="dbj--nanolib\nonstd\nano_printf.h">
      <Filter>Header Files</Filter>
    </ClInclude>
    <ClInclude Include="dbj--nanolib\dbj_nano_synchro.h">
      <Filter>Header Files</Filter>
    </ClInclude>
    <ClInclude Include="dbj--nanolib\win32\win32_error_msg_box_exit.h">
      <Filter>Header Files</Filter>
    </ClInclude>
    <ClInclude Include="lambdatix\stdatomic_nano.h">
      <Filter>Header Files</Filter>
    </ClInclude>
  </ItemGroup>
  <ItemGroup>
    <None Include="pprintpp\readme.md" />
    <None Include="valstat_research\README.MD" />
    <None Include="valstat_research\interop\README.MD" />
    <None Include="valstat_research\valstat" />
    <None Include="dbj--nanolib\win32\readme.md" />
  </ItemGroup>
</Project>